
Microsoft Visual Studio Solution File, Format Version 12.00
# Visual Studio Version 17
VisualStudioVersion = 17.3.32929.385
MinimumVisualStudioVersion = 10.0.40219.1
Project("{FAE04EC0-301F-11D3-BF4B-00C04F79EFBC}") = "Magazynuj", "Magazynuj.csproj", "{C3A60D09-B498-400A-A57F-9AD4DA790FD5}"
EndProject
Global
	GlobalSection(SolutionConfigurationPlatforms) = preSolution
		Debug|Any CPU = Debug|Any CPU
		Release|Any CPU = Release|Any CPU
	EndGlobalSection
	GlobalSection(ProjectConfigurationPlatforms) = postSolution
		{C3A60D09-B498-400A-A57F-9AD4DA790FD5}.Debug|Any CPU.ActiveCfg = Debug|Any CPU
		{C3A60D09-B498-400A-A57F-9AD4DA790FD5}.Debug|Any CPU.Build.0 = Debug|Any CPU
		{C3A60D09-B498-400A-A57F-9AD4DA790FD5}.Release|Any CPU.ActiveCfg = Release|Any CPU
		{C3A60D09-B498-400A-A57F-9AD4DA790FD5}.Release|Any CPU.Build.0 = Release|Any CPU
	EndGlobalSection
	GlobalSection(SolutionProperties) = preSolution
		HideSolutionNode = FALSE
	EndGlobalSection
	GlobalSection(ExtensibilityGlobals) = postSolution
		SolutionGuid = {E6FE038E-C4C6-42D1-911D-86DEBD901AA3}
	EndGlobalSection
EndGlobal
